<?xml version="1.0" encoding="utf-8"?>
<Project ToolsVersion="4.0" xmlns="http://schemas.microsoft.com/developer/msbuild/2003">
  <ItemGroup>
    <ClCompile Include="..\..\..\addons\ofxImGui\src\BaseEngine.cpp">
      <Filter>addons\ofxImGui\src</Filter>
    </ClCompile>
    <ClCompile Include="..\..\..\addons\ofxImGui\src\BaseTheme.cpp">
      <Filter>addons\ofxImGui\src</Filter>
    </ClCompile>
    <ClCompile Include="..\..\..\addons\ofxImGui\src\EngineGLFW.cpp">
      <Filter>addons\ofxImGui\src</Filter>
    </ClCompile>
    <ClCompile Include="..\..\..\addons\ofxImGui\src\EngineOpenGLES.cpp">
      <Filter>addons\ofxImGui\src</Filter>
    </ClCompile>
    <ClCompile Include="..\..\..\addons\ofxImGui\src\ofxImGui.cpp">
      <Filter>addons\ofxImGui\src</Filter>
    </ClCompile>
    <ClCompile Include="..\..\..\addons\ofxImGui\libs\imgui\src\imgui.cpp">
      <Filter>addons\ofxImGui\libs</Filter>
    </ClCompile>
    <ClCompile Include="..\..\..\addons\ofxImGui\libs\imgui\src\imgui_draw.cpp">
      <Filter>addons\ofxImGui\libs</Filter>
    </ClCompile>
    <ClCompile Include="..\libs\glm\detail\glm.cpp">
      <Filter>addons\ofxRenderToolkit\libs\glm\detail</Filter>
    </ClCompile>
    <ClCompile Include="..\src\Lighting\ClusterGrid.cpp">
      <Filter>addons\ofxRenderToolkit\src\lighting</Filter>
    </ClCompile>
    <ClCompile Include="..\src\Lighting\ClusterGridDebug.cpp">
      <Filter>addons\ofxRenderToolkit\src\lighting</Filter>
    </ClCompile>
    <ClCompile Include="..\src\Lighting\LightSystem.cpp">
      <Filter>addons\ofxRenderToolkit\src\lighting</Filter>
    </ClCompile>
    <ClCompile Include="..\src\PBR\CubeMapTexture.cpp">
      <Filter>addons\ofxRenderToolkit\src\pbr</Filter>
    </ClCompile>
    <ClCompile Include="src\main.cpp">
      <Filter>src</Filter>
    </ClCompile>
    <ClCompile Include="src\ofApp.cpp">
      <Filter>src</Filter>
    </ClCompile>
    <ClCompile Include="..\src\util\ViewUbo.cpp">
      <Filter>addons\ofxRenderToolkit\src\util</Filter>
    </ClCompile>
  </ItemGroup>
  <ItemGroup>
    <ClInclude Include="..\..\..\addons\ofxImGui\src\BaseEngine.h">
      <Filter>addons\ofxImGui\src</Filter>
    </ClInclude>
    <ClInclude Include="..\..\..\addons\ofxImGui\src\BaseTheme.h">
      <Filter>addons\ofxImGui\src</Filter>
    </ClInclude>
    <ClInclude Include="..\..\..\addons\ofxImGui\src\EngineGLFW.h">
      <Filter>addons\ofxImGui\src</Filter>
    </ClInclude>
    <ClInclude Include="..\..\..\addons\ofxImGui\src\EngineOpenGLES.h">
      <Filter>addons\ofxImGui\src</Filter>
    </ClInclude>
    <ClInclude Include="..\..\..\addons\ofxImGui\src\ofxImGui.h">
      <Filter>addons\ofxImGui\src</Filter>
    </ClInclude>
    <ClInclude Include="..\..\..\addons\ofxImGui\src\ThemeTest.h">
      <Filter>addons\ofxImGui\src</Filter>
    </ClInclude>
    <ClInclude Include="..\..\..\addons\ofxImGui\src\imconfig.h">
      <Filter>addons\ofxImGui\libs</Filter>
    </ClInclude>
    <ClInclude Include="..\..\..\addons\ofxImGui\libs\imgui\src\imgui.h">
      <Filter>addons\ofxImGui\libs</Filter>
    </ClInclude>
    <ClInclude Include="..\..\..\addons\ofxImGui\libs\imgui\src\imgui_internal.h">
      <Filter>addons\ofxImGui\libs</Filter>
    </ClInclude>
    <ClInclude Include="..\..\..\addons\ofxImGui\libs\imgui\src\stb_rect_pack.h">
      <Filter>addons\ofxImGui\libs</Filter>
    </ClInclude>
    <ClInclude Include="..\..\..\addons\ofxImGui\libs\imgui\src\stb_textedit.h">
      <Filter>addons\ofxImGui\libs</Filter>
    </ClInclude>
    <ClInclude Include="..\..\..\addons\ofxImGui\libs\imgui\src\stb_truetype.h">
      <Filter>addons\ofxImGui\libs</Filter>
    </ClInclude>
    <ClInclude Include="..\libs\gli\clear.hpp">
      <Filter>addons\ofxRenderToolkit\libs\gli</Filter>
    </ClInclude>
    <ClInclude Include="..\libs\gli\comparison.hpp">
      <Filter>addons\ofxRenderToolkit\libs\gli</Filter>
    </ClInclude>
    <ClInclude Include="..\libs\gli\convert.hpp">
      <Filter>addons\ofxRenderToolkit\libs\gli</Filter>
    </ClInclude>
    <ClInclude Include="..\libs\gli\copy.hpp">
      <Filter>addons\ofxRenderToolkit\libs\gli</Filter>
    </ClInclude>
    <ClInclude Include="..\libs\gli\duplicate.hpp">
      <Filter>addons\ofxRenderToolkit\libs\gli</Filter>
    </ClInclude>
    <ClInclude Include="..\libs\gli\dx.hpp">
      <Filter>addons\ofxRenderToolkit\libs\gli</Filter>
    </ClInclude>
    <ClInclude Include="..\libs\gli\filter.hpp">
      <Filter>addons\ofxRenderToolkit\libs\gli</Filter>
    </ClInclude>
    <ClInclude Include="..\libs\gli\format.hpp">
      <Filter>addons\ofxRenderToolkit\libs\gli</Filter>
    </ClInclude>
    <ClInclude Include="..\libs\gli\generate_mipmaps.hpp">
      <Filter>addons\ofxRenderToolkit\libs\gli</Filter>
    </ClInclude>
    <ClInclude Include="..\libs\gli\gl.hpp">
      <Filter>addons\ofxRenderToolkit\libs\gli</Filter>
    </ClInclude>
    <ClInclude Include="..\libs\gli\gli.hpp">
      <Filter>addons\ofxRenderToolkit\libs\gli</Filter>
    </ClInclude>
    <ClInclude Include="..\libs\gli\image.hpp">
      <Filter>addons\ofxRenderToolkit\libs\gli</Filter>
    </ClInclude>
    <ClInclude Include="..\libs\gli\levels.hpp">
      <Filter>addons\ofxRenderToolkit\libs\gli</Filter>
    </ClInclude>
    <ClInclude Include="..\libs\gli\load.hpp">
      <Filter>addons\ofxRenderToolkit\libs\gli</Filter>
    </ClInclude>
    <ClInclude Include="..\libs\gli\load_dds.hpp">
      <Filter>addons\ofxRenderToolkit\libs\gli</Filter>
    </ClInclude>
    <ClInclude Include="..\libs\gli\load_kmg.hpp">
      <Filter>addons\ofxRenderToolkit\libs\gli</Filter>
    </ClInclude>
    <ClInclude Include="..\libs\gli\load_ktx.hpp">
      <Filter>addons\ofxRenderToolkit\libs\gli</Filter>
    </ClInclude>
    <ClInclude Include="..\libs\gli\make_texture.hpp">
      <Filter>addons\ofxRenderToolkit\libs\gli</Filter>
    </ClInclude>
    <ClInclude Include="..\libs\gli\reduce.hpp">
      <Filter>addons\ofxRenderToolkit\libs\gli</Filter>
    </ClInclude>
    <ClInclude Include="..\libs\gli\sampler.hpp">
      <Filter>addons\ofxRenderToolkit\libs\gli</Filter>
    </ClInclude>
    <ClInclude Include="..\libs\gli\sampler1d.hpp">
      <Filter>addons\ofxRenderToolkit\libs\gli</Filter>
    </ClInclude>
    <ClInclude Include="..\libs\gli\sampler1d_array.hpp">
      <Filter>addons\ofxRenderToolkit\libs\gli</Filter>
    </ClInclude>
    <ClInclude Include="..\libs\gli\sampler2d.hpp">
      <Filter>addons\ofxRenderToolkit\libs\gli</Filter>
    </ClInclude>
    <ClInclude Include="..\libs\gli\sampler2d_array.hpp">
      <Filter>addons\ofxRenderToolkit\libs\gli</Filter>
    </ClInclude>
    <ClInclude Include="..\libs\gli\sampler3d.hpp">
      <Filter>addons\ofxRenderToolkit\libs\gli</Filter>
    </ClInclude>
    <ClInclude Include="..\libs\gli\sampler_cube.hpp">
      <Filter>addons\ofxRenderToolkit\libs\gli</Filter>
    </ClInclude>
    <ClInclude Include="..\libs\gli\sampler_cube_array.hpp">
      <Filter>addons\ofxRenderToolkit\libs\gli</Filter>
    </ClInclude>
    <ClInclude Include="..\libs\gli\save.hpp">
      <Filter>addons\ofxRenderToolkit\libs\gli</Filter>
    </ClInclude>
    <ClInclude Include="..\libs\gli\save_dds.hpp">
      <Filter>addons\ofxRenderToolkit\libs\gli</Filter>
    </ClInclude>
    <ClInclude Include="..\libs\gli\save_kmg.hpp">
      <Filter>addons\ofxRenderToolkit\libs\gli</Filter>
    </ClInclude>
    <ClInclude Include="..\libs\gli\save_ktx.hpp">
      <Filter>addons\ofxRenderToolkit\libs\gli</Filter>
    </ClInclude>
    <ClInclude Include="..\libs\gli\target.hpp">
      <Filter>addons\ofxRenderToolkit\libs\gli</Filter>
    </ClInclude>
    <ClInclude Include="..\libs\gli\texture.hpp">
      <Filter>addons\ofxRenderToolkit\libs\gli</Filter>
    </ClInclude>
    <ClInclude Include="..\libs\gli\texture1d.hpp">
      <Filter>addons\ofxRenderToolkit\libs\gli</Filter>
    </ClInclude>
    <ClInclude Include="..\libs\gli\texture1d_array.hpp">
      <Filter>addons\ofxRenderToolkit\libs\gli</Filter>
    </ClInclude>
    <ClInclude Include="..\libs\gli\texture2d.hpp">
      <Filter>addons\ofxRenderToolkit\libs\gli</Filter>
    </ClInclude>
    <ClInclude Include="..\libs\gli\texture2d_array.hpp">
      <Filter>addons\ofxRenderToolkit\libs\gli</Filter>
    </ClInclude>
    <ClInclude Include="..\libs\gli\texture3d.hpp">
      <Filter>addons\ofxRenderToolkit\libs\gli</Filter>
    </ClInclude>
    <ClInclude Include="..\libs\gli\texture_cube.hpp">
      <Filter>addons\ofxRenderToolkit\libs\gli</Filter>
    </ClInclude>
    <ClInclude Include="..\libs\gli\texture_cube_array.hpp">
      <Filter>addons\ofxRenderToolkit\libs\gli</Filter>
    </ClInclude>
    <ClInclude Include="..\libs\gli\transform.hpp">
      <Filter>addons\ofxRenderToolkit\libs\gli</Filter>
    </ClInclude>
    <ClInclude Include="..\libs\gli\type.hpp">
      <Filter>addons\ofxRenderToolkit\libs\gli</Filter>
    </ClInclude>
    <ClInclude Include="..\libs\gli\view.hpp">
      <Filter>addons\ofxRenderToolkit\libs\gli</Filter>
    </ClInclude>
    <ClInclude Include="..\libs\gli\core\clear.hpp">
      <Filter>addons\ofxRenderToolkit\libs\gli\core</Filter>
    </ClInclude>
    <ClInclude Include="..\libs\gli\core\convert_func.hpp">
      <Filter>addons\ofxRenderToolkit\libs\gli\core</Filter>
    </ClInclude>
    <ClInclude Include="..\libs\gli\core\coord.hpp">
      <Filter>addons\ofxRenderToolkit\libs\gli\core</Filter>
    </ClInclude>
    <ClInclude Include="..\libs\gli\core\filter_compute.hpp">
      <Filter>addons\ofxRenderToolkit\libs\gli\core</Filter>
    </ClInclude>
    <ClInclude Include="..\libs\gli\core\flip.hpp">
      <Filter>addons\ofxRenderToolkit\libs\gli\core</Filter>
    </ClInclude>
    <ClInclude Include="..\libs\gli\core\mipmaps_compute.hpp">
      <Filter>addons\ofxRenderToolkit\libs\gli\core</Filter>
    </ClInclude>
    <ClInclude Include="..\libs\gli\core\storage.hpp">
      <Filter>addons\ofxRenderToolkit\libs\gli\core</Filter>
    </ClInclude>
    <ClInclude Include="..\libs\gli\core\storage_linear.hpp">
      <Filter>addons\ofxRenderToolkit\libs\gli\core</Filter>
    </ClInclude>
    <ClInclude Include="..\libs\gli\core\workaround.hpp">
      <Filter>addons\ofxRenderToolkit\libs\gli\core</Filter>
    </ClInclude>
    <ClInclude Include="..\libs\glm\common.hpp">
      <Filter>addons\ofxRenderToolkit\libs\glm</Filter>
    </ClInclude>
    <ClInclude Include="..\libs\glm\exponential.hpp">
      <Filter>addons\ofxRenderToolkit\libs\glm</Filter>
    </ClInclude>
    <ClInclude Include="..\libs\glm\ext.hpp">
      <Filter>addons\ofxRenderToolkit\libs\glm</Filter>
    </ClInclude>
    <ClInclude Include="..\libs\glm\fwd.hpp">
      <Filter>addons\ofxRenderToolkit\libs\glm</Filter>
    </ClInclude>
    <ClInclude Include="..\libs\glm\geometric.hpp">
      <Filter>addons\ofxRenderToolkit\libs\glm</Filter>
    </ClInclude>
    <ClInclude Include="..\libs\glm\glm.hpp">
      <Filter>addons\ofxRenderToolkit\libs\glm</Filter>
    </ClInclude>
    <ClInclude Include="..\libs\glm\integer.hpp">
      <Filter>addons\ofxRenderToolkit\libs\glm</Filter>
    </ClInclude>
    <ClInclude Include="..\libs\glm\mat2x2.hpp">
      <Filter>addons\ofxRenderToolkit\libs\glm</Filter>
    </ClInclude>
    <ClInclude Include="..\libs\glm\mat2x3.hpp">
      <Filter>addons\ofxRenderToolkit\libs\glm</Filter>
    </ClInclude>
    <ClInclude Include="..\libs\glm\mat2x4.hpp">
      <Filter>addons\ofxRenderToolkit\libs\glm</Filter>
    </ClInclude>
    <ClInclude Include="..\libs\glm\mat3x2.hpp">
      <Filter>addons\ofxRenderToolkit\libs\glm</Filter>
    </ClInclude>
    <ClInclude Include="..\libs\glm\mat3x3.hpp">
      <Filter>addons\ofxRenderToolkit\libs\glm</Filter>
    </ClInclude>
    <ClInclude Include="..\libs\glm\mat3x4.hpp">
      <Filter>addons\ofxRenderToolkit\libs\glm</Filter>
    </ClInclude>
    <ClInclude Include="..\libs\glm\mat4x2.hpp">
      <Filter>addons\ofxRenderToolkit\libs\glm</Filter>
    </ClInclude>
    <ClInclude Include="..\libs\glm\mat4x3.hpp">
      <Filter>addons\ofxRenderToolkit\libs\glm</Filter>
    </ClInclude>
    <ClInclude Include="..\libs\glm\mat4x4.hpp">
      <Filter>addons\ofxRenderToolkit\libs\glm</Filter>
    </ClInclude>
    <ClInclude Include="..\libs\glm\matrix.hpp">
      <Filter>addons\ofxRenderToolkit\libs\glm</Filter>
    </ClInclude>
    <ClInclude Include="..\libs\glm\packing.hpp">
      <Filter>addons\ofxRenderToolkit\libs\glm</Filter>
    </ClInclude>
    <ClInclude Include="..\libs\glm\trigonometric.hpp">
      <Filter>addons\ofxRenderToolkit\libs\glm</Filter>
    </ClInclude>
    <ClInclude Include="..\libs\glm\vec2.hpp">
      <Filter>addons\ofxRenderToolkit\libs\glm</Filter>
    </ClInclude>
    <ClInclude Include="..\libs\glm\vec3.hpp">
      <Filter>addons\ofxRenderToolkit\libs\glm</Filter>
    </ClInclude>
    <ClInclude Include="..\libs\glm\vec4.hpp">
      <Filter>addons\ofxRenderToolkit\libs\glm</Filter>
    </ClInclude>
    <ClInclude Include="..\libs\glm\vector_relational.hpp">
      <Filter>addons\ofxRenderToolkit\libs\glm</Filter>
    </ClInclude>
    <ClInclude Include="..\libs\glm\detail\func_common.hpp">
      <Filter>addons\ofxRenderToolkit\libs\glm\detail</Filter>
    </ClInclude>
    <ClInclude Include="..\libs\glm\detail\func_exponential.hpp">
      <Filter>addons\ofxRenderToolkit\libs\glm\detail</Filter>
    </ClInclude>
    <ClInclude Include="..\libs\glm\detail\func_geometric.hpp">
      <Filter>addons\ofxRenderToolkit\libs\glm\detail</Filter>
    </ClInclude>
    <ClInclude Include="..\libs\glm\detail\func_integer.hpp">
      <Filter>addons\ofxRenderToolkit\libs\glm\detail</Filter>
    </ClInclude>
    <ClInclude Include="..\libs\glm\detail\func_matrix.hpp">
      <Filter>addons\ofxRenderToolkit\libs\glm\detail</Filter>
    </ClInclude>
    <ClInclude Include="..\libs\glm\detail\func_packing.hpp">
      <Filter>addons\ofxRenderToolkit\libs\glm\detail</Filter>
    </ClInclude>
    <ClInclude Include="..\libs\glm\detail\func_trigonometric.hpp">
      <Filter>addons\ofxRenderToolkit\libs\glm\detail</Filter>
    </ClInclude>
    <ClInclude Include="..\libs\glm\detail\func_vector_relational.hpp">
      <Filter>addons\ofxRenderToolkit\libs\glm\detail</Filter>
    </ClInclude>
    <ClInclude Include="..\libs\glm\detail\intrinsic_common.hpp">
      <Filter>addons\ofxRenderToolkit\libs\glm\detail</Filter>
    </ClInclude>
    <ClInclude Include="..\libs\glm\detail\intrinsic_exponential.hpp">
      <Filter>addons\ofxRenderToolkit\libs\glm\detail</Filter>
    </ClInclude>
    <ClInclude Include="..\libs\glm\detail\intrinsic_geometric.hpp">
      <Filter>addons\ofxRenderToolkit\libs\glm\detail</Filter>
    </ClInclude>
    <ClInclude Include="..\libs\glm\detail\intrinsic_integer.hpp">
      <Filter>addons\ofxRenderToolkit\libs\glm\detail</Filter>
    </ClInclude>
    <ClInclude Include="..\libs\glm\detail\intrinsic_matrix.hpp">
      <Filter>addons\ofxRenderToolkit\libs\glm\detail</Filter>
    </ClInclude>
    <ClInclude Include="..\libs\glm\detail\intrinsic_trigonometric.hpp">
      <Filter>addons\ofxRenderToolkit\libs\glm\detail</Filter>
    </ClInclude>
    <ClInclude Include="..\libs\glm\detail\intrinsic_vector_relational.hpp">
      <Filter>addons\ofxRenderToolkit\libs\glm\detail</Filter>
    </ClInclude>
    <ClInclude Include="..\libs\glm\detail\precision.hpp">
      <Filter>addons\ofxRenderToolkit\libs\glm\detail</Filter>
    </ClInclude>
    <ClInclude Include="..\libs\glm\detail\setup.hpp">
      <Filter>addons\ofxRenderToolkit\libs\glm\detail</Filter>
    </ClInclude>
    <ClInclude Include="..\libs\glm\detail\type_float.hpp">
      <Filter>addons\ofxRenderToolkit\libs\glm\detail</Filter>
    </ClInclude>
    <ClInclude Include="..\libs\glm\detail\type_gentype.hpp">
      <Filter>addons\ofxRenderToolkit\libs\glm\detail</Filter>
    </ClInclude>
    <ClInclude Include="..\libs\glm\detail\type_half.hpp">
      <Filter>addons\ofxRenderToolkit\libs\glm\detail</Filter>
    </ClInclude>
    <ClInclude Include="..\libs\glm\detail\type_int.hpp">
      <Filter>addons\ofxRenderToolkit\libs\glm\detail</Filter>
    </ClInclude>
    <ClInclude Include="..\libs\glm\detail\type_mat.hpp">
      <Filter>addons\ofxRenderToolkit\libs\glm\detail</Filter>
    </ClInclude>
    <ClInclude Include="..\libs\glm\detail\type_mat2x2.hpp">
      <Filter>addons\ofxRenderToolkit\libs\glm\detail</Filter>
    </ClInclude>
    <ClInclude Include="..\libs\glm\detail\type_mat2x3.hpp">
      <Filter>addons\ofxRenderToolkit\libs\glm\detail</Filter>
    </ClInclude>
    <ClInclude Include="..\libs\glm\detail\type_mat2x4.hpp">
      <Filter>addons\ofxRenderToolkit\libs\glm\detail</Filter>
    </ClInclude>
    <ClInclude Include="..\libs\glm\detail\type_mat3x2.hpp">
      <Filter>addons\ofxRenderToolkit\libs\glm\detail</Filter>
    </ClInclude>
    <ClInclude Include="..\libs\glm\detail\type_mat3x3.hpp">
      <Filter>addons\ofxRenderToolkit\libs\glm\detail</Filter>
    </ClInclude>
    <ClInclude Include="..\libs\glm\detail\type_mat3x4.hpp">
      <Filter>addons\ofxRenderToolkit\libs\glm\detail</Filter>
    </ClInclude>
    <ClInclude Include="..\libs\glm\detail\type_mat4x2.hpp">
      <Filter>addons\ofxRenderToolkit\libs\glm\detail</Filter>
    </ClInclude>
    <ClInclude Include="..\libs\glm\detail\type_mat4x3.hpp">
      <Filter>addons\ofxRenderToolkit\libs\glm\detail</Filter>
    </ClInclude>
    <ClInclude Include="..\libs\glm\detail\type_mat4x4.hpp">
      <Filter>addons\ofxRenderToolkit\libs\glm\detail</Filter>
    </ClInclude>
    <ClInclude Include="..\libs\glm\detail\type_vec.hpp">
      <Filter>addons\ofxRenderToolkit\libs\glm\detail</Filter>
    </ClInclude>
    <ClInclude Include="..\libs\glm\detail\type_vec1.hpp">
      <Filter>addons\ofxRenderToolkit\libs\glm\detail</Filter>
    </ClInclude>
    <ClInclude Include="..\libs\glm\detail\type_vec2.hpp">
      <Filter>addons\ofxRenderToolkit\libs\glm\detail</Filter>
    </ClInclude>
    <ClInclude Include="..\libs\glm\detail\type_vec3.hpp">
      <Filter>addons\ofxRenderToolkit\libs\glm\detail</Filter>
    </ClInclude>
    <ClInclude Include="..\libs\glm\detail\type_vec4.hpp">
      <Filter>addons\ofxRenderToolkit\libs\glm\detail</Filter>
    </ClInclude>
    <ClInclude Include="..\libs\glm\detail\_features.hpp">
      <Filter>addons\ofxRenderToolkit\libs\glm\detail</Filter>
    </ClInclude>
    <ClInclude Include="..\libs\glm\detail\_fixes.hpp">
      <Filter>addons\ofxRenderToolkit\libs\glm\detail</Filter>
    </ClInclude>
    <ClInclude Include="..\libs\glm\detail\_noise.hpp">
      <Filter>addons\ofxRenderToolkit\libs\glm\detail</Filter>
    </ClInclude>
    <ClInclude Include="..\libs\glm\detail\_swizzle.hpp">
      <Filter>addons\ofxRenderToolkit\libs\glm\detail</Filter>
    </ClInclude>
    <ClInclude Include="..\libs\glm\detail\_swizzle_func.hpp">
      <Filter>addons\ofxRenderToolkit\libs\glm\detail</Filter>
    </ClInclude>
    <ClInclude Include="..\libs\glm\detail\_vectorize.hpp">
      <Filter>addons\ofxRenderToolkit\libs\glm\detail</Filter>
    </ClInclude>
    <ClInclude Include="..\libs\glm\gtc\bitfield.hpp">
      <Filter>addons\ofxRenderToolkit\libs\glm\gtc</Filter>
    </ClInclude>
    <ClInclude Include="..\libs\glm\gtc\color_space.hpp">
      <Filter>addons\ofxRenderToolkit\libs\glm\gtc</Filter>
    </ClInclude>
    <ClInclude Include="..\libs\glm\gtc\constants.hpp">
      <Filter>addons\ofxRenderToolkit\libs\glm\gtc</Filter>
    </ClInclude>
    <ClInclude Include="..\libs\glm\gtc\epsilon.hpp">
      <Filter>addons\ofxRenderToolkit\libs\glm\gtc</Filter>
    </ClInclude>
    <ClInclude Include="..\libs\glm\gtc\integer.hpp">
      <Filter>addons\ofxRenderToolkit\libs\glm\gtc</Filter>
    </ClInclude>
    <ClInclude Include="..\libs\glm\gtc\matrix_access.hpp">
      <Filter>addons\ofxRenderToolkit\libs\glm\gtc</Filter>
    </ClInclude>
    <ClInclude Include="..\libs\glm\gtc\matrix_integer.hpp">
      <Filter>addons\ofxRenderToolkit\libs\glm\gtc</Filter>
    </ClInclude>
    <ClInclude Include="..\libs\glm\gtc\matrix_inverse.hpp">
      <Filter>addons\ofxRenderToolkit\libs\glm\gtc</Filter>
    </ClInclude>
    <ClInclude Include="..\libs\glm\gtc\matrix_transform.hpp">
      <Filter>addons\ofxRenderToolkit\libs\glm\gtc</Filter>
    </ClInclude>
    <ClInclude Include="..\libs\glm\gtc\noise.hpp">
      <Filter>addons\ofxRenderToolkit\libs\glm\gtc</Filter>
    </ClInclude>
    <ClInclude Include="..\libs\glm\gtc\packing.hpp">
      <Filter>addons\ofxRenderToolkit\libs\glm\gtc</Filter>
    </ClInclude>
    <ClInclude Include="..\libs\glm\gtc\quaternion.hpp">
      <Filter>addons\ofxRenderToolkit\libs\glm\gtc</Filter>
    </ClInclude>
    <ClInclude Include="..\libs\glm\gtc\random.hpp">
      <Filter>addons\ofxRenderToolkit\libs\glm\gtc</Filter>
    </ClInclude>
    <ClInclude Include="..\libs\glm\gtc\reciprocal.hpp">
      <Filter>addons\ofxRenderToolkit\libs\glm\gtc</Filter>
    </ClInclude>
    <ClInclude Include="..\libs\glm\gtc\round.hpp">
      <Filter>addons\ofxRenderToolkit\libs\glm\gtc</Filter>
    </ClInclude>
    <ClInclude Include="..\libs\glm\gtc\type_precision.hpp">
      <Filter>addons\ofxRenderToolkit\libs\glm\gtc</Filter>
    </ClInclude>
    <ClInclude Include="..\libs\glm\gtc\type_ptr.hpp">
      <Filter>addons\ofxRenderToolkit\libs\glm\gtc</Filter>
    </ClInclude>
    <ClInclude Include="..\libs\glm\gtc\ulp.hpp">
      <Filter>addons\ofxRenderToolkit\libs\glm\gtc</Filter>
    </ClInclude>
    <ClInclude Include="..\libs\glm\gtc\vec1.hpp">
      <Filter>addons\ofxRenderToolkit\libs\glm\gtc</Filter>
    </ClInclude>
    <ClInclude Include="..\libs\glm\gtx\associated_min_max.hpp">
      <Filter>addons\ofxRenderToolkit\libs\glm\gtx</Filter>
    </ClInclude>
    <ClInclude Include="..\libs\glm\gtx\bit.hpp">
      <Filter>addons\ofxRenderToolkit\libs\glm\gtx</Filter>
    </ClInclude>
    <ClInclude Include="..\libs\glm\gtx\closest_point.hpp">
      <Filter>addons\ofxRenderToolkit\libs\glm\gtx</Filter>
    </ClInclude>
    <ClInclude Include="..\libs\glm\gtx\color_space.hpp">
      <Filter>addons\ofxRenderToolkit\libs\glm\gtx</Filter>
    </ClInclude>
    <ClInclude Include="..\libs\glm\gtx\color_space_YCoCg.hpp">
      <Filter>addons\ofxRenderToolkit\libs\glm\gtx</Filter>
    </ClInclude>
    <ClInclude Include="..\libs\glm\gtx\common.hpp">
      <Filter>addons\ofxRenderToolkit\libs\glm\gtx</Filter>
    </ClInclude>
    <ClInclude Include="..\libs\glm\gtx\compatibility.hpp">
      <Filter>addons\ofxRenderToolkit\libs\glm\gtx</Filter>
    </ClInclude>
    <ClInclude Include="..\libs\glm\gtx\component_wise.hpp">
      <Filter>addons\ofxRenderToolkit\libs\glm\gtx</Filter>
    </ClInclude>
    <ClInclude Include="..\libs\glm\gtx\dual_quaternion.hpp">
      <Filter>addons\ofxRenderToolkit\libs\glm\gtx</Filter>
    </ClInclude>
    <ClInclude Include="..\libs\glm\gtx\euler_angles.hpp">
      <Filter>addons\ofxRenderToolkit\libs\glm\gtx</Filter>
    </ClInclude>
    <ClInclude Include="..\libs\glm\gtx\extend.hpp">
      <Filter>addons\ofxRenderToolkit\libs\glm\gtx</Filter>
    </ClInclude>
    <ClInclude Include="..\libs\glm\gtx\extented_min_max.hpp">
      <Filter>addons\ofxRenderToolkit\libs\glm\gtx</Filter>
    </ClInclude>
    <ClInclude Include="..\libs\glm\gtx\fast_exponential.hpp">
      <Filter>addons\ofxRenderToolkit\libs\glm\gtx</Filter>
    </ClInclude>
    <ClInclude Include="..\libs\glm\gtx\fast_square_root.hpp">
      <Filter>addons\ofxRenderToolkit\libs\glm\gtx</Filter>
    </ClInclude>
    <ClInclude Include="..\libs\glm\gtx\fast_trigonometry.hpp">
      <Filter>addons\ofxRenderToolkit\libs\glm\gtx</Filter>
    </ClInclude>
    <ClInclude Include="..\libs\glm\gtx\gradient_paint.hpp">
      <Filter>addons\ofxRenderToolkit\libs\glm\gtx</Filter>
    </ClInclude>
    <ClInclude Include="..\libs\glm\gtx\handed_coordinate_space.hpp">
      <Filter>addons\ofxRenderToolkit\libs\glm\gtx</Filter>
    </ClInclude>
    <ClInclude Include="..\libs\glm\gtx\hash.hpp">
      <Filter>addons\ofxRenderToolkit\libs\glm\gtx</Filter>
    </ClInclude>
    <ClInclude Include="..\libs\glm\gtx\integer.hpp">
      <Filter>addons\ofxRenderToolkit\libs\glm\gtx</Filter>
    </ClInclude>
    <ClInclude Include="..\libs\glm\gtx\intersect.hpp">
      <Filter>addons\ofxRenderToolkit\libs\glm\gtx</Filter>
    </ClInclude>
    <ClInclude Include="..\libs\glm\gtx\io.hpp">
      <Filter>addons\ofxRenderToolkit\libs\glm\gtx</Filter>
    </ClInclude>
    <ClInclude Include="..\libs\glm\gtx\log_base.hpp">
      <Filter>addons\ofxRenderToolkit\libs\glm\gtx</Filter>
    </ClInclude>
    <ClInclude Include="..\libs\glm\gtx\matrix_cross_product.hpp">
      <Filter>addons\ofxRenderToolkit\libs\glm\gtx</Filter>
    </ClInclude>
    <ClInclude Include="..\libs\glm\gtx\matrix_decompose.hpp">
      <Filter>addons\ofxRenderToolkit\libs\glm\gtx</Filter>
    </ClInclude>
    <ClInclude Include="..\libs\glm\gtx\matrix_interpolation.hpp">
      <Filter>addons\ofxRenderToolkit\libs\glm\gtx</Filter>
    </ClInclude>
    <ClInclude Include="..\libs\glm\gtx\matrix_major_storage.hpp">
      <Filter>addons\ofxRenderToolkit\libs\glm\gtx</Filter>
    </ClInclude>
    <ClInclude Include="..\libs\glm\gtx\matrix_operation.hpp">
      <Filter>addons\ofxRenderToolkit\libs\glm\gtx</Filter>
    </ClInclude>
    <ClInclude Include="..\libs\glm\gtx\matrix_query.hpp">
      <Filter>addons\ofxRenderToolkit\libs\glm\gtx</Filter>
    </ClInclude>
    <ClInclude Include="..\libs\glm\gtx\matrix_transform_2d.hpp">
      <Filter>addons\ofxRenderToolkit\libs\glm\gtx</Filter>
    </ClInclude>
    <ClInclude Include="..\libs\glm\gtx\mixed_product.hpp">
      <Filter>addons\ofxRenderToolkit\libs\glm\gtx</Filter>
    </ClInclude>
    <ClInclude Include="..\libs\glm\gtx\norm.hpp">
      <Filter>addons\ofxRenderToolkit\libs\glm\gtx</Filter>
    </ClInclude>
    <ClInclude Include="..\libs\glm\gtx\normal.hpp">
      <Filter>addons\ofxRenderToolkit\libs\glm\gtx</Filter>
    </ClInclude>
    <ClInclude Include="..\libs\glm\gtx\normalize_dot.hpp">
      <Filter>addons\ofxRenderToolkit\libs\glm\gtx</Filter>
    </ClInclude>
    <ClInclude Include="..\libs\glm\gtx\number_precision.hpp">
      <Filter>addons\ofxRenderToolkit\libs\glm\gtx</Filter>
    </ClInclude>
    <ClInclude Include="..\libs\glm\gtx\optimum_pow.hpp">
      <Filter>addons\ofxRenderToolkit\libs\glm\gtx</Filter>
    </ClInclude>
    <ClInclude Include="..\libs\glm\gtx\orthonormalize.hpp">
      <Filter>addons\ofxRenderToolkit\libs\glm\gtx</Filter>
    </ClInclude>
    <ClInclude Include="..\libs\glm\gtx\perpendicular.hpp">
      <Filter>addons\ofxRenderToolkit\libs\glm\gtx</Filter>
    </ClInclude>
    <ClInclude Include="..\libs\glm\gtx\polar_coordinates.hpp">
      <Filter>addons\ofxRenderToolkit\libs\glm\gtx</Filter>
    </ClInclude>
    <ClInclude Include="..\libs\glm\gtx\projection.hpp">
      <Filter>addons\ofxRenderToolkit\libs\glm\gtx</Filter>
    </ClInclude>
    <ClInclude Include="..\libs\glm\gtx\quaternion.hpp">
      <Filter>addons\ofxRenderToolkit\libs\glm\gtx</Filter>
    </ClInclude>
    <ClInclude Include="..\libs\glm\gtx\range.hpp">
      <Filter>addons\ofxRenderToolkit\libs\glm\gtx</Filter>
    </ClInclude>
    <ClInclude Include="..\libs\glm\gtx\raw_data.hpp">
      <Filter>addons\ofxRenderToolkit\libs\glm\gtx</Filter>
    </ClInclude>
    <ClInclude Include="..\libs\glm\gtx\rotate_normalized_axis.hpp">
      <Filter>addons\ofxRenderToolkit\libs\glm\gtx</Filter>
    </ClInclude>
    <ClInclude Include="..\libs\glm\gtx\rotate_vector.hpp">
      <Filter>addons\ofxRenderToolkit\libs\glm\gtx</Filter>
    </ClInclude>
    <ClInclude Include="..\libs\glm\gtx\scalar_multiplication.hpp">
      <Filter>addons\ofxRenderToolkit\libs\glm\gtx</Filter>
    </ClInclude>
    <ClInclude Include="..\libs\glm\gtx\scalar_relational.hpp">
      <Filter>addons\ofxRenderToolkit\libs\glm\gtx</Filter>
    </ClInclude>
    <ClInclude Include="..\libs\glm\gtx\simd_mat4.hpp">
      <Filter>addons\ofxRenderToolkit\libs\glm\gtx</Filter>
    </ClInclude>
    <ClInclude Include="..\libs\glm\gtx\simd_quat.hpp">
      <Filter>addons\ofxRenderToolkit\libs\glm\gtx</Filter>
    </ClInclude>
    <ClInclude Include="..\libs\glm\gtx\simd_vec4.hpp">
      <Filter>addons\ofxRenderToolkit\libs\glm\gtx</Filter>
    </ClInclude>
    <ClInclude Include="..\libs\glm\gtx\spline.hpp">
      <Filter>addons\ofxRenderToolkit\libs\glm\gtx</Filter>
    </ClInclude>
    <ClInclude Include="..\libs\glm\gtx\std_based_type.hpp">
      <Filter>addons\ofxRenderToolkit\libs\glm\gtx</Filter>
    </ClInclude>
    <ClInclude Include="..\libs\glm\gtx\string_cast.hpp">
      <Filter>addons\ofxRenderToolkit\libs\glm\gtx</Filter>
    </ClInclude>
    <ClInclude Include="..\libs\glm\gtx\transform.hpp">
      <Filter>addons\ofxRenderToolkit\libs\glm\gtx</Filter>
    </ClInclude>
    <ClInclude Include="..\libs\glm\gtx\transform2.hpp">
      <Filter>addons\ofxRenderToolkit\libs\glm\gtx</Filter>
    </ClInclude>
    <ClInclude Include="..\libs\glm\gtx\type_aligned.hpp">
      <Filter>addons\ofxRenderToolkit\libs\glm\gtx</Filter>
    </ClInclude>
    <ClInclude Include="..\libs\glm\gtx\vector_angle.hpp">
      <Filter>addons\ofxRenderToolkit\libs\glm\gtx</Filter>
    </ClInclude>
    <ClInclude Include="..\libs\glm\gtx\vector_query.hpp">
      <Filter>addons\ofxRenderToolkit\libs\glm\gtx</Filter>
    </ClInclude>
    <ClInclude Include="..\libs\glm\gtx\wrap.hpp">
      <Filter>addons\ofxRenderToolkit\libs\glm\gtx</Filter>
    </ClInclude>
    <ClInclude Include="..\src\Lighting\ClusterGrid.h">
      <Filter>addons\ofxRenderToolkit\src\lighting</Filter>
    </ClInclude>
    <ClInclude Include="..\src\Lighting\ClusterGridDebug.h">
      <Filter>addons\ofxRenderToolkit\src\lighting</Filter>
    </ClInclude>
    <ClInclude Include="..\src\Lighting\DirectionalLight.h">
      <Filter>addons\ofxRenderToolkit\src\lighting</Filter>
    </ClInclude>
    <ClInclude Include="..\src\Lighting\LightSystem.h">
      <Filter>addons\ofxRenderToolkit\src\lighting</Filter>
    </ClInclude>
    <ClInclude Include="..\src\Lighting\PointLight.h">
      <Filter>addons\ofxRenderToolkit\src\lighting</Filter>
    </ClInclude>
    <ClInclude Include="..\src\PBR\CubeMapTexture.h">
      <Filter>addons\ofxRenderToolkit\src\pbr</Filter>
    </ClInclude>
    <ClInclude Include="..\src\PBR\Material.h">
      <Filter>addons\ofxRenderToolkit\src\pbr</Filter>
    </ClInclude>
    <ClInclude Include="..\src\lighting\ProjInfo.h">
      <Filter>addons\ofxRenderToolkit\src\lighting</Filter>
    </ClInclude>
    <ClInclude Include="..\src\util\GLError.h">
      <Filter>addons\ofxRenderToolkit\src\util</Filter>
    </ClInclude>
    <ClInclude Include="..\src\util\MatrixTools.h">
      <Filter>addons\ofxRenderToolkit\src\util</Filter>
    </ClInclude>
    <ClInclude Include="..\src\util\Plane.h">
      <Filter>addons\ofxRenderToolkit\src\util</Filter>
    </ClInclude>
    <ClInclude Include="..\src\util\RadixSort.h">
      <Filter>addons\ofxRenderToolkit\src\util</Filter>
    </ClInclude>
    <ClInclude Include="..\src\util\SphereScissor.h">
      <Filter>addons\ofxRenderToolkit\src\util</Filter>
    </ClInclude>
    <ClInclude Include="..\src\util\CameraTools.h">
      <Filter>addons\ofxRenderToolkit\src\util</Filter>
    </ClInclude>
    <ClInclude Include="..\src\util\Frustum.h">
      <Filter>addons\ofxRenderToolkit\src\util</Filter>
    </ClInclude>
    <ClInclude Include="..\src\ofxRenderToolkit.h">
      <Filter>addons\ofxRenderToolkit\src</Filter>
    </ClInclude>
    <ClInclude Include="src\ofApp.h">
      <Filter>src</Filter>
    </ClInclude>
    <ClInclude Include="..\src\util\ViewUbo.h">
      <Filter>addons\ofxRenderToolkit\src\util</Filter>
    </ClInclude>
  </ItemGroup>
  <ItemGroup>
    <ResourceCompile Include="icon.rc" />
  </ItemGroup>
  <ItemGroup>
    <None Include="bin\data\shaders\main.frag">
      <Filter>shaders</Filter>
    </None>
    <None Include="bin\data\shaders\main.vert">
      <Filter>shaders</Filter>
    </None>
    <None Include="bin\data\shaders\sky_box.frag">
      <Filter>shaders</Filter>
    </None>
    <None Include="bin\data\shaders\sky_box.vert">
      <Filter>shaders</Filter>
    </None>
    <None Include="bin\data\shaders\inc\clustered_shading.glsl">
      <Filter>shaders\inc</Filter>
    </None>
    <None Include="bin\data\shaders\inc\computeBrdfLut.frag">
      <Filter>shaders\inc</Filter>
    </None>
    <None Include="bin\data\shaders\inc\math.glsl">
      <Filter>shaders\inc</Filter>
    </None>
    <None Include="bin\data\shaders\inc\of_default_uniforms.glsl">
      <Filter>shaders\inc</Filter>
    </None>
    <None Include="bin\data\shaders\inc\of_default_vertex_in_attributes.glsl">
      <Filter>shaders\inc</Filter>
    </None>
    <None Include="bin\data\shaders\inc\pbr.glsl">
      <Filter>shaders\inc</Filter>
    </None>
    <None Include="bin\data\shaders\inc\tone_mapping.glsl">
      <Filter>shaders\inc</Filter>
    </None>
    <None Include="bin\data\shaders\inc\viewData.glsl">
      <Filter>shaders\inc</Filter>
    </None>
  </ItemGroup>
  <ItemGroup>
    <Filter Include="addons">
      <UniqueIdentifier>{4c4ead37-43e4-49a4-a36e-8db1de241e37}</UniqueIdentifier>
    </Filter>
    <Filter Include="addons\ofxImGui">
      <UniqueIdentifier>{349c90d3-1617-4146-b216-d401383dc18c}</UniqueIdentifier>
    </Filter>
    <Filter Include="addons\ofxImGui\src">
      <UniqueIdentifier>{58a9c3af-db7c-44a1-b662-9d08b922eb7b}</UniqueIdentifier>
    </Filter>
    <Filter Include="addons\ofxImGui\libs">
      <UniqueIdentifier>{c64fc01b-b401-4f45-9ad9-43b673c4424a}</UniqueIdentifier>
    </Filter>
    <Filter Include="addons\ofxRenderToolkit">
      <UniqueIdentifier>{8a56e4b9-5a9e-4462-9794-d37ccb7d2cb0}</UniqueIdentifier>
    </Filter>
    <Filter Include="addons\ofxRenderToolkit\src">
      <UniqueIdentifier>{aaec2796-95f1-44f4-b99d-d1afbb9b83fe}</UniqueIdentifier>
    </Filter>
    <Filter Include="addons\ofxRenderToolkit\src\pbr">
      <UniqueIdentifier>{eb3ee06d-4f17-4c30-acae-da99b7b18df5}</UniqueIdentifier>
    </Filter>
    <Filter Include="addons\ofxRenderToolkit\src\lighting">
      <UniqueIdentifier>{f17ee196-1303-4ccd-b9ff-7e3857726784}</UniqueIdentifier>
    </Filter>
    <Filter Include="addons\ofxRenderToolkit\src\util">
      <UniqueIdentifier>{0210fdcb-f0f5-4ab9-8e62-0e2dd06dd685}</UniqueIdentifier>
    </Filter>
    <Filter Include="addons\ofxRenderToolkit\libs">
      <UniqueIdentifier>{c680ca9a-6700-490a-976e-0773fd9c7425}</UniqueIdentifier>
    </Filter>
    <Filter Include="addons\ofxRenderToolkit\libs\gli">
      <UniqueIdentifier>{9381112c-d5d1-4860-b99f-d5eb3f773b81}</UniqueIdentifier>
    </Filter>
    <Filter Include="addons\ofxRenderToolkit\libs\gli\core">
      <UniqueIdentifier>{54ac6402-4992-470d-9383-74136194abb0}</UniqueIdentifier>
    </Filter>
    <Filter Include="addons\ofxRenderToolkit\libs\glm">
      <UniqueIdentifier>{5797a1cb-7c64-427c-983d-201ee9a28566}</UniqueIdentifier>
    </Filter>
    <Filter Include="addons\ofxRenderToolkit\libs\glm\detail">
      <UniqueIdentifier>{efd55e3f-d070-4c04-b0f0-3c03fc1146df}</UniqueIdentifier>
    </Filter>
    <Filter Include="addons\ofxRenderToolkit\libs\glm\gtc">
      <UniqueIdentifier>{b1f5b8e6-387f-42a0-ac47-dc46e304dfd6}</UniqueIdentifier>
    </Filter>
    <Filter Include="addons\ofxRenderToolkit\libs\glm\gtx">
      <UniqueIdentifier>{73708829-5f66-40d1-9162-9bf3b229eda3}</UniqueIdentifier>
    </Filter>
    <Filter Include="src">
      <UniqueIdentifier>{ccd4ed87-8f6b-408c-969a-0ac39388d0cf}</UniqueIdentifier>
    </Filter>
    <Filter Include="shaders">
      <UniqueIdentifier>{93509ef2-3ee7-4fdc-be5d-a77c2c710b25}</UniqueIdentifier>
    </Filter>
    <Filter Include="shaders\inc">
      <UniqueIdentifier>{cb078d88-073b-4bcd-8079-156768ce02bf}</UniqueIdentifier>
    </Filter>
  </ItemGroup>
</Project>