<?xml version="1.0" encoding="utf-8"?>
<Project ToolsVersion="4.0" xmlns="http://schemas.microsoft.com/developer/msbuild/2003">
  <ItemGroup>
    <ClCompile Include="..\..\..\addons\ofxImGui\src\BaseEngine.cpp">
      <Filter>addons\ofxImGui\src</Filter>
    </ClCompile>
    <ClCompile Include="..\..\..\addons\ofxImGui\src\BaseTheme.cpp">
      <Filter>addons\ofxImGui\src</Filter>
    </ClCompile>
    <ClCompile Include="..\..\..\addons\ofxImGui\src\EngineGLFW.cpp">
      <Filter>addons\ofxImGui\src</Filter>
    </ClCompile>
    <ClCompile Include="..\..\..\addons\ofxImGui\src\EngineOpenGLES.cpp">
      <Filter>addons\ofxImGui\src</Filter>
    </ClCompile>
    <ClCompile Include="..\..\..\addons\ofxImGui\src\ofxImGui.cpp">
      <Filter>addons\ofxImGui\src</Filter>
    </ClCompile>
    <ClCompile Include="..\..\..\addons\ofxImGui\libs\imgui\src\imgui.cpp">
      <Filter>addons\ofxImGui\libs</Filter>
    </ClCompile>
    <ClCompile Include="..\..\..\addons\ofxImGui\libs\imgui\src\imgui_draw.cpp">
      <Filter>addons\ofxImGui\libs</Filter>
    </ClCompile>
    <ClCompile Include="src\main.cpp">
      <Filter>src</Filter>
    </ClCompile>
    <ClCompile Include="src\ofApp.cpp">
      <Filter>src</Filter>
    </ClCompile>
    <ClCompile Include="..\src\ofxRenderToolkit\lighting\ClusterGrid.cpp">
      <Filter>addons\ofxRenderToolkit\src\ofxRenderToolkit\lighting</Filter>
    </ClCompile>
    <ClCompile Include="..\src\ofxRenderToolkit\lighting\ClusterGridDebug.cpp">
      <Filter>addons\ofxRenderToolkit\src\ofxRenderToolkit\lighting</Filter>
    </ClCompile>
    <ClCompile Include="..\src\ofxRenderToolkit\lighting\System.cpp">
      <Filter>addons\ofxRenderToolkit\src\ofxRenderToolkit\lighting</Filter>
    </ClCompile>
    <ClCompile Include="..\src\ofxRenderToolkit\pbr\CubeMapTexture.cpp">
      <Filter>addons\ofxRenderToolkit\src\ofxRenderToolkit\pbr</Filter>
    </ClCompile>
    <ClCompile Include="..\src\ofxRenderToolkit\pbr\Material.cpp">
      <Filter>addons\ofxRenderToolkit\src\ofxRenderToolkit\pbr</Filter>
    </ClCompile>
    <ClCompile Include="..\src\ofxRenderToolkit\util\Plane.cpp">
      <Filter>addons\ofxRenderToolkit\src\ofxRenderToolkit\util</Filter>
    </ClCompile>
    <ClCompile Include="..\src\ofxRenderToolkit\util\ViewUbo.cpp">
      <Filter>addons\ofxRenderToolkit\src\ofxRenderToolkit\util</Filter>
    </ClCompile>
    <ClCompile Include="..\src\ofxRenderToolkit\pbr\Skybox.cpp">
      <Filter>addons\ofxRenderToolkit\src\ofxRenderToolkit\pbr</Filter>
    </ClCompile>
  </ItemGroup>
  <ItemGroup>
    <ClInclude Include="..\..\..\addons\ofxImGui\src\BaseEngine.h">
      <Filter>addons\ofxImGui\src</Filter>
    </ClInclude>
    <ClInclude Include="..\..\..\addons\ofxImGui\src\BaseTheme.h">
      <Filter>addons\ofxImGui\src</Filter>
    </ClInclude>
    <ClInclude Include="..\..\..\addons\ofxImGui\src\EngineGLFW.h">
      <Filter>addons\ofxImGui\src</Filter>
    </ClInclude>
    <ClInclude Include="..\..\..\addons\ofxImGui\src\EngineOpenGLES.h">
      <Filter>addons\ofxImGui\src</Filter>
    </ClInclude>
    <ClInclude Include="..\..\..\addons\ofxImGui\src\ofxImGui.h">
      <Filter>addons\ofxImGui\src</Filter>
    </ClInclude>
    <ClInclude Include="..\..\..\addons\ofxImGui\src\ThemeTest.h">
      <Filter>addons\ofxImGui\src</Filter>
    </ClInclude>
    <ClInclude Include="..\..\..\addons\ofxImGui\src\imconfig.h">
      <Filter>addons\ofxImGui\libs</Filter>
    </ClInclude>
    <ClInclude Include="..\..\..\addons\ofxImGui\libs\imgui\src\imgui.h">
      <Filter>addons\ofxImGui\libs</Filter>
    </ClInclude>
    <ClInclude Include="..\..\..\addons\ofxImGui\libs\imgui\src\imgui_internal.h">
      <Filter>addons\ofxImGui\libs</Filter>
    </ClInclude>
    <ClInclude Include="..\..\..\addons\ofxImGui\libs\imgui\src\stb_rect_pack.h">
      <Filter>addons\ofxImGui\libs</Filter>
    </ClInclude>
    <ClInclude Include="..\..\..\addons\ofxImGui\libs\imgui\src\stb_textedit.h">
      <Filter>addons\ofxImGui\libs</Filter>
    </ClInclude>
    <ClInclude Include="..\..\..\addons\ofxImGui\libs\imgui\src\stb_truetype.h">
      <Filter>addons\ofxImGui\libs</Filter>
    </ClInclude>
    <ClInclude Include="..\src\ofxRenderToolkit.h">
      <Filter>addons\ofxRenderToolkit\src</Filter>
    </ClInclude>
    <ClInclude Include="src\ofApp.h">
      <Filter>src</Filter>
    </ClInclude>
    <ClInclude Include="..\src\ofxRenderToolkit\lighting\ClusterGrid.h">
      <Filter>addons\ofxRenderToolkit\src\ofxRenderToolkit\lighting</Filter>
    </ClInclude>
    <ClInclude Include="..\src\ofxRenderToolkit\lighting\ClusterGridDebug.h">
      <Filter>addons\ofxRenderToolkit\src\ofxRenderToolkit\lighting</Filter>
    </ClInclude>
    <ClInclude Include="..\src\ofxRenderToolkit\lighting\DirectionalLight.h">
      <Filter>addons\ofxRenderToolkit\src\ofxRenderToolkit\lighting</Filter>
    </ClInclude>
    <ClInclude Include="..\src\ofxRenderToolkit\lighting\PointLight.h">
      <Filter>addons\ofxRenderToolkit\src\ofxRenderToolkit\lighting</Filter>
    </ClInclude>
    <ClInclude Include="..\src\ofxRenderToolkit\lighting\ProjInfo.h">
      <Filter>addons\ofxRenderToolkit\src\ofxRenderToolkit\lighting</Filter>
    </ClInclude>
    <ClInclude Include="..\src\ofxRenderToolkit\lighting\System.h">
      <Filter>addons\ofxRenderToolkit\src\ofxRenderToolkit\lighting</Filter>
    </ClInclude>
    <ClInclude Include="..\src\ofxRenderToolkit\pbr\CubeMapTexture.h">
      <Filter>addons\ofxRenderToolkit\src\ofxRenderToolkit\pbr</Filter>
    </ClInclude>
    <ClInclude Include="..\src\ofxRenderToolkit\pbr\Material.h">
      <Filter>addons\ofxRenderToolkit\src\ofxRenderToolkit\pbr</Filter>
    </ClInclude>
    <ClInclude Include="..\src\ofxRenderToolkit\util\CameraTools.h">
      <Filter>addons\ofxRenderToolkit\src\ofxRenderToolkit\util</Filter>
    </ClInclude>
    <ClInclude Include="..\src\ofxRenderToolkit\util\FrustumTools.h">
      <Filter>addons\ofxRenderToolkit\src\ofxRenderToolkit\util</Filter>
    </ClInclude>
    <ClInclude Include="..\src\ofxRenderToolkit\util\GLError.h">
      <Filter>addons\ofxRenderToolkit\src\ofxRenderToolkit\util</Filter>
    </ClInclude>
    <ClInclude Include="..\src\ofxRenderToolkit\util\MatrixTools.h">
      <Filter>addons\ofxRenderToolkit\src\ofxRenderToolkit\util</Filter>
    </ClInclude>
    <ClInclude Include="..\src\ofxRenderToolkit\util\Plane.h">
      <Filter>addons\ofxRenderToolkit\src\ofxRenderToolkit\util</Filter>
    </ClInclude>
    <ClInclude Include="..\src\ofxRenderToolkit\util\RadixSort.h">
      <Filter>addons\ofxRenderToolkit\src\ofxRenderToolkit\util</Filter>
    </ClInclude>
    <ClInclude Include="..\src\ofxRenderToolkit\util\Rect.h">
      <Filter>addons\ofxRenderToolkit\src\ofxRenderToolkit\util</Filter>
    </ClInclude>
    <ClInclude Include="..\src\ofxRenderToolkit\util\SphereScissor.h">
      <Filter>addons\ofxRenderToolkit\src\ofxRenderToolkit\util</Filter>
    </ClInclude>
    <ClInclude Include="..\src\ofxRenderToolkit\util\ViewUbo.h">
      <Filter>addons\ofxRenderToolkit\src\ofxRenderToolkit\util</Filter>
    </ClInclude>
    <ClInclude Include="..\libs\gli\include\gli\clear.hpp">
      <Filter>addons\ofxRenderToolkit\libs\gli\include\gli</Filter>
    </ClInclude>
    <ClInclude Include="..\libs\gli\include\gli\comparison.hpp">
      <Filter>addons\ofxRenderToolkit\libs\gli\include\gli</Filter>
    </ClInclude>
    <ClInclude Include="..\libs\gli\include\gli\convert.hpp">
      <Filter>addons\ofxRenderToolkit\libs\gli\include\gli</Filter>
    </ClInclude>
    <ClInclude Include="..\libs\gli\include\gli\copy.hpp">
      <Filter>addons\ofxRenderToolkit\libs\gli\include\gli</Filter>
    </ClInclude>
    <ClInclude Include="..\libs\gli\include\gli\duplicate.hpp">
      <Filter>addons\ofxRenderToolkit\libs\gli\include\gli</Filter>
    </ClInclude>
    <ClInclude Include="..\libs\gli\include\gli\dx.hpp">
      <Filter>addons\ofxRenderToolkit\libs\gli\include\gli</Filter>
    </ClInclude>
    <ClInclude Include="..\libs\gli\include\gli\filter.hpp">
      <Filter>addons\ofxRenderToolkit\libs\gli\include\gli</Filter>
    </ClInclude>
    <ClInclude Include="..\libs\gli\include\gli\format.hpp">
      <Filter>addons\ofxRenderToolkit\libs\gli\include\gli</Filter>
    </ClInclude>
    <ClInclude Include="..\libs\gli\include\gli\generate_mipmaps.hpp">
      <Filter>addons\ofxRenderToolkit\libs\gli\include\gli</Filter>
    </ClInclude>
    <ClInclude Include="..\libs\gli\include\gli\gl.hpp">
      <Filter>addons\ofxRenderToolkit\libs\gli\include\gli</Filter>
    </ClInclude>
    <ClInclude Include="..\libs\gli\include\gli\gli.hpp">
      <Filter>addons\ofxRenderToolkit\libs\gli\include\gli</Filter>
    </ClInclude>
    <ClInclude Include="..\libs\gli\include\gli\image.hpp">
      <Filter>addons\ofxRenderToolkit\libs\gli\include\gli</Filter>
    </ClInclude>
    <ClInclude Include="..\libs\gli\include\gli\levels.hpp">
      <Filter>addons\ofxRenderToolkit\libs\gli\include\gli</Filter>
    </ClInclude>
    <ClInclude Include="..\libs\gli\include\gli\load.hpp">
      <Filter>addons\ofxRenderToolkit\libs\gli\include\gli</Filter>
    </ClInclude>
    <ClInclude Include="..\libs\gli\include\gli\load_dds.hpp">
      <Filter>addons\ofxRenderToolkit\libs\gli\include\gli</Filter>
    </ClInclude>
    <ClInclude Include="..\libs\gli\include\gli\load_kmg.hpp">
      <Filter>addons\ofxRenderToolkit\libs\gli\include\gli</Filter>
    </ClInclude>
    <ClInclude Include="..\libs\gli\include\gli\load_ktx.hpp">
      <Filter>addons\ofxRenderToolkit\libs\gli\include\gli</Filter>
    </ClInclude>
    <ClInclude Include="..\libs\gli\include\gli\make_texture.hpp">
      <Filter>addons\ofxRenderToolkit\libs\gli\include\gli</Filter>
    </ClInclude>
    <ClInclude Include="..\libs\gli\include\gli\reduce.hpp">
      <Filter>addons\ofxRenderToolkit\libs\gli\include\gli</Filter>
    </ClInclude>
    <ClInclude Include="..\libs\gli\include\gli\sampler.hpp">
      <Filter>addons\ofxRenderToolkit\libs\gli\include\gli</Filter>
    </ClInclude>
    <ClInclude Include="..\libs\gli\include\gli\sampler_cube.hpp">
      <Filter>addons\ofxRenderToolkit\libs\gli\include\gli</Filter>
    </ClInclude>
    <ClInclude Include="..\libs\gli\include\gli\sampler_cube_array.hpp">
      <Filter>addons\ofxRenderToolkit\libs\gli\include\gli</Filter>
    </ClInclude>
    <ClInclude Include="..\libs\gli\include\gli\sampler1d.hpp">
      <Filter>addons\ofxRenderToolkit\libs\gli\include\gli</Filter>
    </ClInclude>
    <ClInclude Include="..\libs\gli\include\gli\sampler1d_array.hpp">
      <Filter>addons\ofxRenderToolkit\libs\gli\include\gli</Filter>
    </ClInclude>
    <ClInclude Include="..\libs\gli\include\gli\sampler2d.hpp">
      <Filter>addons\ofxRenderToolkit\libs\gli\include\gli</Filter>
    </ClInclude>
    <ClInclude Include="..\libs\gli\include\gli\sampler2d_array.hpp">
      <Filter>addons\ofxRenderToolkit\libs\gli\include\gli</Filter>
    </ClInclude>
    <ClInclude Include="..\libs\gli\include\gli\sampler3d.hpp">
      <Filter>addons\ofxRenderToolkit\libs\gli\include\gli</Filter>
    </ClInclude>
    <ClInclude Include="..\libs\gli\include\gli\save.hpp">
      <Filter>addons\ofxRenderToolkit\libs\gli\include\gli</Filter>
    </ClInclude>
    <ClInclude Include="..\libs\gli\include\gli\save_dds.hpp">
      <Filter>addons\ofxRenderToolkit\libs\gli\include\gli</Filter>
    </ClInclude>
    <ClInclude Include="..\libs\gli\include\gli\save_kmg.hpp">
      <Filter>addons\ofxRenderToolkit\libs\gli\include\gli</Filter>
    </ClInclude>
    <ClInclude Include="..\libs\gli\include\gli\save_ktx.hpp">
      <Filter>addons\ofxRenderToolkit\libs\gli\include\gli</Filter>
    </ClInclude>
    <ClInclude Include="..\libs\gli\include\gli\target.hpp">
      <Filter>addons\ofxRenderToolkit\libs\gli\include\gli</Filter>
    </ClInclude>
    <ClInclude Include="..\libs\gli\include\gli\texture.hpp">
      <Filter>addons\ofxRenderToolkit\libs\gli\include\gli</Filter>
    </ClInclude>
    <ClInclude Include="..\libs\gli\include\gli\texture_cube.hpp">
      <Filter>addons\ofxRenderToolkit\libs\gli\include\gli</Filter>
    </ClInclude>
    <ClInclude Include="..\libs\gli\include\gli\texture_cube_array.hpp">
      <Filter>addons\ofxRenderToolkit\libs\gli\include\gli</Filter>
    </ClInclude>
    <ClInclude Include="..\libs\gli\include\gli\texture1d.hpp">
      <Filter>addons\ofxRenderToolkit\libs\gli\include\gli</Filter>
    </ClInclude>
    <ClInclude Include="..\libs\gli\include\gli\texture1d_array.hpp">
      <Filter>addons\ofxRenderToolkit\libs\gli\include\gli</Filter>
    </ClInclude>
    <ClInclude Include="..\libs\gli\include\gli\texture2d.hpp">
      <Filter>addons\ofxRenderToolkit\libs\gli\include\gli</Filter>
    </ClInclude>
    <ClInclude Include="..\libs\gli\include\gli\texture2d_array.hpp">
      <Filter>addons\ofxRenderToolkit\libs\gli\include\gli</Filter>
    </ClInclude>
    <ClInclude Include="..\libs\gli\include\gli\texture3d.hpp">
      <Filter>addons\ofxRenderToolkit\libs\gli\include\gli</Filter>
    </ClInclude>
    <ClInclude Include="..\libs\gli\include\gli\transform.hpp">
      <Filter>addons\ofxRenderToolkit\libs\gli\include\gli</Filter>
    </ClInclude>
    <ClInclude Include="..\libs\gli\include\gli\type.hpp">
      <Filter>addons\ofxRenderToolkit\libs\gli\include\gli</Filter>
    </ClInclude>
    <ClInclude Include="..\libs\gli\include\gli\view.hpp">
      <Filter>addons\ofxRenderToolkit\libs\gli\include\gli</Filter>
    </ClInclude>
    <ClInclude Include="..\libs\gli\include\gli\core\clear.hpp">
      <Filter>addons\ofxRenderToolkit\libs\gli\include\gli\core</Filter>
    </ClInclude>
    <ClInclude Include="..\libs\gli\include\gli\core\convert_func.hpp">
      <Filter>addons\ofxRenderToolkit\libs\gli\include\gli\core</Filter>
    </ClInclude>
    <ClInclude Include="..\libs\gli\include\gli\core\coord.hpp">
      <Filter>addons\ofxRenderToolkit\libs\gli\include\gli\core</Filter>
    </ClInclude>
    <ClInclude Include="..\libs\gli\include\gli\core\filter_compute.hpp">
      <Filter>addons\ofxRenderToolkit\libs\gli\include\gli\core</Filter>
    </ClInclude>
    <ClInclude Include="..\libs\gli\include\gli\core\flip.hpp">
      <Filter>addons\ofxRenderToolkit\libs\gli\include\gli\core</Filter>
    </ClInclude>
    <ClInclude Include="..\libs\gli\include\gli\core\mipmaps_compute.hpp">
      <Filter>addons\ofxRenderToolkit\libs\gli\include\gli\core</Filter>
    </ClInclude>
    <ClInclude Include="..\libs\gli\include\gli\core\storage.hpp">
      <Filter>addons\ofxRenderToolkit\libs\gli\include\gli\core</Filter>
    </ClInclude>
    <ClInclude Include="..\libs\gli\include\gli\core\storage_linear.hpp">
      <Filter>addons\ofxRenderToolkit\libs\gli\include\gli\core</Filter>
    </ClInclude>
    <ClInclude Include="..\libs\gli\include\gli\core\workaround.hpp">
      <Filter>addons\ofxRenderToolkit\libs\gli\include\gli\core</Filter>
    </ClInclude>
    <ClInclude Include="..\src\ofxRenderToolkit\pbr\Skybox.h">
      <Filter>addons\ofxRenderToolkit\src\ofxRenderToolkit\pbr</Filter>
    </ClInclude>
  </ItemGroup>
  <ItemGroup>
    <ResourceCompile Include="icon.rc" />
  </ItemGroup>
  <ItemGroup>
    <None Include="bin\data\shaders\main.frag">
      <Filter>shaders</Filter>
    </None>
    <None Include="bin\data\shaders\main.vert">
      <Filter>shaders</Filter>
    </None>
    <None Include="bin\data\shaders\sky_box.frag">
      <Filter>shaders</Filter>
    </None>
    <None Include="bin\data\shaders\sky_box.vert">
      <Filter>shaders</Filter>
    </None>
    <None Include="bin\data\shaders\inc\clustered_shading.glsl">
      <Filter>shaders\inc</Filter>
    </None>
    <None Include="bin\data\shaders\inc\computeBrdfLut.frag">
      <Filter>shaders\inc</Filter>
    </None>
    <None Include="bin\data\shaders\inc\math.glsl">
      <Filter>shaders\inc</Filter>
    </None>
    <None Include="bin\data\shaders\inc\of_default_uniforms.glsl">
      <Filter>shaders\inc</Filter>
    </None>
    <None Include="bin\data\shaders\inc\of_default_vertex_in_attributes.glsl">
      <Filter>shaders\inc</Filter>
    </None>
    <None Include="bin\data\shaders\inc\pbr.glsl">
      <Filter>shaders\inc</Filter>
    </None>
    <None Include="bin\data\shaders\inc\tone_mapping.glsl">
      <Filter>shaders\inc</Filter>
    </None>
    <None Include="bin\data\shaders\inc\viewData.glsl">
      <Filter>shaders\inc</Filter>
    </None>
    <None Include="..\libs\gli\include\gli\core\clear.inl">
      <Filter>addons\ofxRenderToolkit\libs\gli\include\gli\core</Filter>
    </None>
    <None Include="..\libs\gli\include\gli\core\comparison.inl">
      <Filter>addons\ofxRenderToolkit\libs\gli\include\gli\core</Filter>
    </None>
    <None Include="..\libs\gli\include\gli\core\convert.inl">
      <Filter>addons\ofxRenderToolkit\libs\gli\include\gli\core</Filter>
    </None>
    <None Include="..\libs\gli\include\gli\core\copy.inl">
      <Filter>addons\ofxRenderToolkit\libs\gli\include\gli\core</Filter>
    </None>
    <None Include="..\libs\gli\include\gli\core\duplicate.inl">
      <Filter>addons\ofxRenderToolkit\libs\gli\include\gli\core</Filter>
    </None>
    <None Include="..\libs\gli\include\gli\core\dx.inl">
      <Filter>addons\ofxRenderToolkit\libs\gli\include\gli\core</Filter>
    </None>
    <None Include="..\libs\gli\include\gli\core\filter.inl">
      <Filter>addons\ofxRenderToolkit\libs\gli\include\gli\core</Filter>
    </None>
    <None Include="..\libs\gli\include\gli\core\flip.inl">
      <Filter>addons\ofxRenderToolkit\libs\gli\include\gli\core</Filter>
    </None>
    <None Include="..\libs\gli\include\gli\core\format.inl">
      <Filter>addons\ofxRenderToolkit\libs\gli\include\gli\core</Filter>
    </None>
    <None Include="..\libs\gli\include\gli\core\generate_mipmaps.inl">
      <Filter>addons\ofxRenderToolkit\libs\gli\include\gli\core</Filter>
    </None>
    <None Include="..\libs\gli\include\gli\core\gl.inl">
      <Filter>addons\ofxRenderToolkit\libs\gli\include\gli\core</Filter>
    </None>
    <None Include="..\libs\gli\include\gli\core\image.inl">
      <Filter>addons\ofxRenderToolkit\libs\gli\include\gli\core</Filter>
    </None>
    <None Include="..\libs\gli\include\gli\core\levels.inl">
      <Filter>addons\ofxRenderToolkit\libs\gli\include\gli\core</Filter>
    </None>
    <None Include="..\libs\gli\include\gli\core\load.inl">
      <Filter>addons\ofxRenderToolkit\libs\gli\include\gli\core</Filter>
    </None>
    <None Include="..\libs\gli\include\gli\core\load_dds.inl">
      <Filter>addons\ofxRenderToolkit\libs\gli\include\gli\core</Filter>
    </None>
    <None Include="..\libs\gli\include\gli\core\load_kmg.inl">
      <Filter>addons\ofxRenderToolkit\libs\gli\include\gli\core</Filter>
    </None>
    <None Include="..\libs\gli\include\gli\core\load_ktx.inl">
      <Filter>addons\ofxRenderToolkit\libs\gli\include\gli\core</Filter>
    </None>
    <None Include="..\libs\gli\include\gli\core\make_texture.inl">
      <Filter>addons\ofxRenderToolkit\libs\gli\include\gli\core</Filter>
    </None>
    <None Include="..\libs\gli\include\gli\core\reduce.inl">
      <Filter>addons\ofxRenderToolkit\libs\gli\include\gli\core</Filter>
    </None>
    <None Include="..\libs\gli\include\gli\core\sampler.inl">
      <Filter>addons\ofxRenderToolkit\libs\gli\include\gli\core</Filter>
    </None>
    <None Include="..\libs\gli\include\gli\core\sampler_cube.inl">
      <Filter>addons\ofxRenderToolkit\libs\gli\include\gli\core</Filter>
    </None>
    <None Include="..\libs\gli\include\gli\core\sampler_cube_array.inl">
      <Filter>addons\ofxRenderToolkit\libs\gli\include\gli\core</Filter>
    </None>
    <None Include="..\libs\gli\include\gli\core\sampler1d.inl">
      <Filter>addons\ofxRenderToolkit\libs\gli\include\gli\core</Filter>
    </None>
    <None Include="..\libs\gli\include\gli\core\sampler1d_array.inl">
      <Filter>addons\ofxRenderToolkit\libs\gli\include\gli\core</Filter>
    </None>
    <None Include="..\libs\gli\include\gli\core\sampler2d.inl">
      <Filter>addons\ofxRenderToolkit\libs\gli\include\gli\core</Filter>
    </None>
    <None Include="..\libs\gli\include\gli\core\sampler2d_array.inl">
      <Filter>addons\ofxRenderToolkit\libs\gli\include\gli\core</Filter>
    </None>
    <None Include="..\libs\gli\include\gli\core\sampler3d.inl">
      <Filter>addons\ofxRenderToolkit\libs\gli\include\gli\core</Filter>
    </None>
    <None Include="..\libs\gli\include\gli\core\save.inl">
      <Filter>addons\ofxRenderToolkit\libs\gli\include\gli\core</Filter>
    </None>
    <None Include="..\libs\gli\include\gli\core\save_dds.inl">
      <Filter>addons\ofxRenderToolkit\libs\gli\include\gli\core</Filter>
    </None>
    <None Include="..\libs\gli\include\gli\core\save_kmg.inl">
      <Filter>addons\ofxRenderToolkit\libs\gli\include\gli\core</Filter>
    </None>
    <None Include="..\libs\gli\include\gli\core\save_ktx.inl">
      <Filter>addons\ofxRenderToolkit\libs\gli\include\gli\core</Filter>
    </None>
    <None Include="..\libs\gli\include\gli\core\storage.inl">
      <Filter>addons\ofxRenderToolkit\libs\gli\include\gli\core</Filter>
    </None>
    <None Include="..\libs\gli\include\gli\core\storage_linear.inl">
      <Filter>addons\ofxRenderToolkit\libs\gli\include\gli\core</Filter>
    </None>
    <None Include="..\libs\gli\include\gli\core\texture.inl">
      <Filter>addons\ofxRenderToolkit\libs\gli\include\gli\core</Filter>
    </None>
    <None Include="..\libs\gli\include\gli\core\texture_cube.inl">
      <Filter>addons\ofxRenderToolkit\libs\gli\include\gli\core</Filter>
    </None>
    <None Include="..\libs\gli\include\gli\core\texture_cube_array.inl">
      <Filter>addons\ofxRenderToolkit\libs\gli\include\gli\core</Filter>
    </None>
    <None Include="..\libs\gli\include\gli\core\texture1d.inl">
      <Filter>addons\ofxRenderToolkit\libs\gli\include\gli\core</Filter>
    </None>
    <None Include="..\libs\gli\include\gli\core\texture1d_array.inl">
      <Filter>addons\ofxRenderToolkit\libs\gli\include\gli\core</Filter>
    </None>
    <None Include="..\libs\gli\include\gli\core\texture2d.inl">
      <Filter>addons\ofxRenderToolkit\libs\gli\include\gli\core</Filter>
    </None>
    <None Include="..\libs\gli\include\gli\core\texture2d_array.inl">
      <Filter>addons\ofxRenderToolkit\libs\gli\include\gli\core</Filter>
    </None>
    <None Include="..\libs\gli\include\gli\core\texture3d.inl">
      <Filter>addons\ofxRenderToolkit\libs\gli\include\gli\core</Filter>
    </None>
    <None Include="..\libs\gli\include\gli\core\transform.inl">
      <Filter>addons\ofxRenderToolkit\libs\gli\include\gli\core</Filter>
    </None>
    <None Include="..\libs\gli\include\gli\core\view.inl">
      <Filter>addons\ofxRenderToolkit\libs\gli\include\gli\core</Filter>
    </None>
  </ItemGroup>
  <ItemGroup>
    <Filter Include="addons">
      <UniqueIdentifier>{4c4ead37-43e4-49a4-a36e-8db1de241e37}</UniqueIdentifier>
    </Filter>
    <Filter Include="addons\ofxImGui">
      <UniqueIdentifier>{349c90d3-1617-4146-b216-d401383dc18c}</UniqueIdentifier>
    </Filter>
    <Filter Include="addons\ofxImGui\src">
      <UniqueIdentifier>{58a9c3af-db7c-44a1-b662-9d08b922eb7b}</UniqueIdentifier>
    </Filter>
    <Filter Include="addons\ofxImGui\libs">
      <UniqueIdentifier>{c64fc01b-b401-4f45-9ad9-43b673c4424a}</UniqueIdentifier>
    </Filter>
    <Filter Include="addons\ofxRenderToolkit">
      <UniqueIdentifier>{8a56e4b9-5a9e-4462-9794-d37ccb7d2cb0}</UniqueIdentifier>
    </Filter>
    <Filter Include="addons\ofxRenderToolkit\src">
      <UniqueIdentifier>{aaec2796-95f1-44f4-b99d-d1afbb9b83fe}</UniqueIdentifier>
    </Filter>
    <Filter Include="addons\ofxRenderToolkit\libs">
      <UniqueIdentifier>{c680ca9a-6700-490a-976e-0773fd9c7425}</UniqueIdentifier>
    </Filter>
    <Filter Include="src">
      <UniqueIdentifier>{ccd4ed87-8f6b-408c-969a-0ac39388d0cf}</UniqueIdentifier>
    </Filter>
    <Filter Include="shaders">
      <UniqueIdentifier>{93509ef2-3ee7-4fdc-be5d-a77c2c710b25}</UniqueIdentifier>
    </Filter>
    <Filter Include="shaders\inc">
      <UniqueIdentifier>{cb078d88-073b-4bcd-8079-156768ce02bf}</UniqueIdentifier>
    </Filter>
    <Filter Include="addons\ofxRenderToolkit\src\ofxRenderToolkit">
      <UniqueIdentifier>{69b8c901-a74b-4887-820e-ede34e5dc07c}</UniqueIdentifier>
    </Filter>
    <Filter Include="addons\ofxRenderToolkit\src\ofxRenderToolkit\lighting">
      <UniqueIdentifier>{a122d122-5264-49a7-b7c5-75cd747b2915}</UniqueIdentifier>
    </Filter>
    <Filter Include="addons\ofxRenderToolkit\src\ofxRenderToolkit\pbr">
      <UniqueIdentifier>{8b220a0a-fc4a-431f-894c-f49c29cb3ea6}</UniqueIdentifier>
    </Filter>
    <Filter Include="addons\ofxRenderToolkit\src\ofxRenderToolkit\util">
      <UniqueIdentifier>{58e9a0ba-cdb9-43fe-9fbe-04edd2d0c4d4}</UniqueIdentifier>
    </Filter>
    <Filter Include="addons\ofxRenderToolkit\libs\gli">
      <UniqueIdentifier>{7bcfd3e6-7c68-45ab-a9ae-68506629a144}</UniqueIdentifier>
    </Filter>
    <Filter Include="addons\ofxRenderToolkit\libs\gli\include">
      <UniqueIdentifier>{c4bc5120-786a-44fd-81e6-342be528930b}</UniqueIdentifier>
    </Filter>
    <Filter Include="addons\ofxRenderToolkit\libs\gli\include\gli">
      <UniqueIdentifier>{310ece17-5655-432a-8c6a-419ef72dc166}</UniqueIdentifier>
    </Filter>
    <Filter Include="addons\ofxRenderToolkit\libs\gli\include\gli\core">
      <UniqueIdentifier>{e3443be8-6aa8-4eda-aac2-12055f4fbc16}</UniqueIdentifier>
    </Filter>
  </ItemGroup>
</Project>